
Microsoft Visual Studio Solution File, Format Version 12.00
# Visual Studio Version 16
VisualStudioVersion = 16.0.31019.35
MinimumVisualStudioVersion = 10.0.40219.1
Project("{FAE04EC0-301F-11D3-BF4B-00C04F79EFBC}") = "Tslee.Website", "Tslee.Website\Tslee.Website.csproj", "{7EC8A9D0-D373-4D76-8E5A-AB39F3ABAE23}"
EndProject
Global
	GlobalSection(SolutionConfigurationPlatforms) = preSolution
		Debug|Any CPU = Debug|Any CPU
		Release|Any CPU = Release|Any CPU
	EndGlobalSection
	GlobalSection(ProjectConfigurationPlatforms) = postSolution
		{7EC8A9D0-D373-4D76-8E5A-AB39F3ABAE23}.Debug|Any CPU.ActiveCfg = Debug|Any CPU
		{7EC8A9D0-D373-4D76-8E5A-AB39F3ABAE23}.Debug|Any CPU.Build.0 = Debug|Any CPU
		{7EC8A9D0-D373-4D76-8E5A-AB39F3ABAE23}.Release|Any CPU.ActiveCfg = Release|Any CPU
		{7EC8A9D0-D373-4D76-8E5A-AB39F3ABAE23}.Release|Any CPU.Build.0 = Release|Any CPU
	EndGlobalSection
	GlobalSection(SolutionProperties) = preSolution
		HideSolutionNode = FALSE
	EndGlobalSection
	GlobalSection(ExtensibilityGlobals) = postSolution
		SolutionGuid = {1EF81BBC-4DA9-4B7C-A6FF-84B1848B2727}
	EndGlobalSection
EndGlobal
